{
  "nodes": {
    "crows": {
      "inputs": {
        "home-manager": "home-manager",
        "nix-darwin": "nix-darwin",
        "nixpkgs": "nixpkgs",
        "rust-overlay": "rust-overlay",
        "sops-nix": "sops-nix",
        "stable-nixpkgs": "stable-nixpkgs",
        "stratosphere": "stratosphere"
      },
      "locked": {
        "lastModified": 1764104663,
        "narHash": "sha256-sWNWBeWG9ZI5/qHLh9f8o+tjzsJzFjI8jjL3rmxtkQM=",
        "owner": "nanozuki",
        "repo": "crows",
        "rev": "bba9dd1eb76510465c4c1f16f4b746b353ac245e",
        "type": "github"
      },
      "original": {
        "owner": "nanozuki",
        "repo": "crows",
        "type": "github"
      }
    },
    "home-manager": {
      "inputs": {
        "nixpkgs": [
          "crows",
          "nixpkgs"
        ]
      },
      "locked": {
        "lastModified": 1763416652,
        "narHash": "sha256-8EBEEvtzQ11LCxpQHMNEBQAGtQiCu/pqP9zSovDSbNM=",
        "owner": "nix-community",
        "repo": "home-manager",
        "rev": "ea164b7c9ccdc2321379c2ff78fd4317b4c41312",
        "type": "github"
      },
      "original": {
        "owner": "nix-community",
        "repo": "home-manager",
        "type": "github"
      }
    },
    "nix-darwin": {
      "inputs": {
        "nixpkgs": [
          "crows",
          "nixpkgs"
        ]
      },
      "locked": {
        "lastModified": 1763505477,
        "narHash": "sha256-nJRd4LY2kT3OELfHqdgWjvToNZ4w+zKCMzS2R6z4sXE=",
        "owner": "LnL7",
        "repo": "nix-darwin",
        "rev": "3bda9f6b14161becbd07b3c56411f1670e19b9b5",
        "type": "github"
      },
      "original": {
        "owner": "LnL7",
        "repo": "nix-darwin",
        "type": "github"
      }
    },
    "nix-darwin_2": {
      "inputs": {
        "nixpkgs": [
          "crows",
          "nixpkgs"
        ]
      },
      "locked": {
        "lastModified": 1764161084,
        "narHash": "sha256-HN84sByg9FhJnojkGGDSrcjcbeioFWoNXfuyYfJ1kBE=",
        "owner": "LnL7",
        "repo": "nix-darwin",
        "rev": "e95de00a471d07435e0527ff4db092c84998698e",
        "type": "github"
      },
      "original": {
        "owner": "LnL7",
        "repo": "nix-darwin",
        "type": "github"
      }
    },
    "nixpkgs": {
      "locked": {
        "lastModified": 1763421233,
        "narHash": "sha256-Stk9ZYRkGrnnpyJ4eqt9eQtdFWRRIvMxpNRf4sIegnw=",
        "owner": "nixos",
        "repo": "nixpkgs",
        "rev": "89c2b2330e733d6cdb5eae7b899326930c2c0648",
        "type": "github"
      },
      "original": {
        "owner": "nixos",
        "ref": "nixos-unstable",
        "repo": "nixpkgs",
        "type": "github"
      }
    },
    "root": {
      "inputs": {
        "crows": "crows",
        "nix-darwin": "nix-darwin_2",
        "nixpkgs": [
          "crows",
          "nixpkgs"
        ]
      }
    },
    "rust-overlay": {
      "inputs": {
        "nixpkgs": [
          "crows",
          "nixpkgs"
        ]
      },
      "locked": {
        "lastModified": 1763692705,
        "narHash": "sha256-tCKCyMYU0Vy+ph/xswlNsYXXjnFVweWBV+ew/5FS9tA=",
        "owner": "oxalica",
        "repo": "rust-overlay",
        "rev": "6fbf5d328dce1828d887b8ee7d44a785196a34e7",
        "type": "github"
      },
      "original": {
        "owner": "oxalica",
        "repo": "rust-overlay",
        "type": "github"
      }
    },
    "sops-nix": {
      "inputs": {
        "nixpkgs": [
          "crows",
          "nixpkgs"
        ]
      },
      "locked": {
        "lastModified": 1763607916,
        "narHash": "sha256-VefBA1JWRXM929mBAFohFUtQJLUnEwZ2vmYUNkFnSjE=",
        "owner": "Mic92",
        "repo": "sops-nix",
        "rev": "877bb495a6f8faf0d89fc10bd142c4b7ed2bcc0b",
        "type": "github"
      },
      "original": {
        "owner": "Mic92",
        "repo": "sops-nix",
        "type": "github"
      }
    },
    "stable-nixpkgs": {
      "locked": {
        "lastModified": 1763948260,
        "narHash": "sha256-dY9qLD0H0zOUgU3vWacPY6Qc421BeQAfm8kBuBtPVE0=",
        "owner": "nixos",
        "repo": "nixpkgs",
        "rev": "1c8ba8d3f7634acac4a2094eef7c32ad9106532c",
        "type": "github"
      },
      "original": {
        "owner": "nixos",
        "ref": "nixos-25.05",
        "repo": "nixpkgs",
        "type": "github"
      }
    },
    "stratosphere": {
      "inputs": {
        "nixpkgs": [
          "crows",
          "nixpkgs"
        ]
      },
      "locked": {
        "lastModified": 1763650384,
        "narHash": "sha256-WTfyMwvtHBHBh33SoFzDe9NPBPVkoRO9weGKbL70IPU=",
        "ref": "refs/heads/roze",
        "rev": "8efedc852cd93b9412ee4541635771e230e20736",
        "revCount": 81,
        "type": "git",
        "url": "https://git.sr.ht/~fubuki/stratosphere"
      },
      "original": {
        "type": "git",
        "url": "https://git.sr.ht/~fubuki/stratosphere"
      }
    }
  },
  "root": "root",
  "version": 7
}
